// !$*UTF8*$!
{
	archiveVersion = 1;
	classes = {
	};
	objectVersion = 50;
	objects = {

/* Begin PBXBuildFile section */
		548BFABD262A0CA4002618F5 /* Modular_Architecture_Feed.framework in Frameworks */ = {isa = PBXBuildFile; fileRef = 548BFAB3262A0CA4002618F5 /* Modular_Architecture_Feed.framework */; };
		548BFAC2262A0CA4002618F5 /* Modular_Architecture_FeedTests.swift in Sources */ = {isa = PBXBuildFile; fileRef = 548BFAC1262A0CA4002618F5 /* Modular_Architecture_FeedTests.swift */; };
		548BFAC4262A0CA4002618F5 /* Modular_Architecture_Feed.h in Headers */ = {isa = PBXBuildFile; fileRef = 548BFAB6262A0CA4002618F5 /* Modular_Architecture_Feed.h */; settings = {ATTRIBUTES = (Public, ); }; };
		548BFAD6262A0EE1002618F5 /* FeedItem.swift in Sources */ = {isa = PBXBuildFile; fileRef = 548BFAD5262A0EE1002618F5 /* FeedItem.swift */; };
		548BFADA262A0F67002618F5 /* FeedLoader.swift in Sources */ = {isa = PBXBuildFile; fileRef = 548BFAD9262A0F67002618F5 /* FeedLoader.swift */; };
/* End PBXBuildFile section */

/* Begin PBXContainerItemProxy section */
		548BFABE262A0CA4002618F5 /* PBXContainerItemProxy */ = {
			isa = PBXContainerItemProxy;
			containerPortal = 548BFAAA262A0CA4002618F5 /* Project object */;
			proxyType = 1;
			remoteGlobalIDString = 548BFAB2262A0CA4002618F5;
			remoteInfo = "Modular-Architecture-Feed";
		};
/* End PBXContainerItemProxy section */

/* Begin PBXFileReference section */
		548BFAB3262A0CA4002618F5 /* Modular_Architecture_Feed.framework */ = {isa = PBXFileReference; explicitFileType = wrapper.framework; includeInIndex = 0; path = Modular_Architecture_Feed.framework; sourceTree = BUILT_PRODUCTS_DIR; };
		548BFAB6262A0CA4002618F5 /* Modular_Architecture_Feed.h */ = {isa = PBXFileReference; lastKnownFileType = sourcecode.c.h; path = Modular_Architecture_Feed.h; sourceTree = "<group>"; };
		548BFAB7262A0CA4002618F5 /* Info.plist */ = {isa = PBXFileReference; lastKnownFileType = text.plist.xml; path = Info.plist; sourceTree = "<group>"; };
		548BFABC262A0CA4002618F5 /* Modular-Architecture-FeedTests.xctest */ = {isa = PBXFileReference; explicitFileType = wrapper.cfbundle; includeInIndex = 0; path = "Modular-Architecture-FeedTests.xctest"; sourceTree = BUILT_PRODUCTS_DIR; };
		548BFAC1262A0CA4002618F5 /* Modular_Architecture_FeedTests.swift */ = {isa = PBXFileReference; lastKnownFileType = sourcecode.swift; path = Modular_Architecture_FeedTests.swift; sourceTree = "<group>"; };
		548BFAC3262A0CA4002618F5 /* Info.plist */ = {isa = PBXFileReference; lastKnownFileType = text.plist.xml; path = Info.plist; sourceTree = "<group>"; };
		548BFAD5262A0EE1002618F5 /* FeedItem.swift */ = {isa = PBXFileReference; lastKnownFileType = sourcecode.swift; path = FeedItem.swift; sourceTree = "<group>"; };
		548BFAD9262A0F67002618F5 /* FeedLoader.swift */ = {isa = PBXFileReference; lastKnownFileType = sourcecode.swift; path = FeedLoader.swift; sourceTree = "<group>"; };
/* End PBXFileReference section */

/* Begin PBXFrameworksBuildPhase section */
		548BFAB0262A0CA4002618F5 /* Frameworks */ = {
			isa = PBXFrameworksBuildPhase;
			buildActionMask = 2147483647;
			files = (
			);
			runOnlyForDeploymentPostprocessing = 0;
		};
		548BFAB9262A0CA4002618F5 /* Frameworks */ = {
			isa = PBXFrameworksBuildPhase;
			buildActionMask = 2147483647;
			files = (
				548BFABD262A0CA4002618F5 /* Modular_Architecture_Feed.framework in Frameworks */,
			);
			runOnlyForDeploymentPostprocessing = 0;
		};
/* End PBXFrameworksBuildPhase section */

/* Begin PBXGroup section */
		548BFAA9262A0CA4002618F5 = {
			isa = PBXGroup;
			children = (
				548BFAB5262A0CA4002618F5 /* Modular-Architecture-Feed */,
				548BFAC0262A0CA4002618F5 /* Modular-Architecture-FeedTests */,
				548BFAB4262A0CA4002618F5 /* Products */,
			);
			sourceTree = "<group>";
		};
		548BFAB4262A0CA4002618F5 /* Products */ = {
			isa = PBXGroup;
			children = (
				548BFAB3262A0CA4002618F5 /* Modular_Architecture_Feed.framework */,
				548BFABC262A0CA4002618F5 /* Modular-Architecture-FeedTests.xctest */,
			);
			name = Products;
			sourceTree = "<group>";
		};
		548BFAB5262A0CA4002618F5 /* Modular-Architecture-Feed */ = {
			isa = PBXGroup;
			children = (
				548BFAB6262A0CA4002618F5 /* Modular_Architecture_Feed.h */,
				548BFADD262A10CA002618F5 /* Feed Feature */,
				548BFAB7262A0CA4002618F5 /* Info.plist */,
			);
			path = "Modular-Architecture-Feed";
			sourceTree = "<group>";
		};
		548BFAC0262A0CA4002618F5 /* Modular-Architecture-FeedTests */ = {
			isa = PBXGroup;
			children = (
				548BFAC1262A0CA4002618F5 /* Modular_Architecture_FeedTests.swift */,
				548BFAC3262A0CA4002618F5 /* Info.plist */,
			);
			path = "Modular-Architecture-FeedTests";
			sourceTree = "<group>";
		};
		548BFADD262A10CA002618F5 /* Feed Feature */ = {
			isa = PBXGroup;
			children = (
				548BFAD5262A0EE1002618F5 /* FeedItem.swift */,
				548BFAD9262A0F67002618F5 /* FeedLoader.swift */,
			);
			path = "Feed Feature";
			sourceTree = "<group>";
		};
/* End PBXGroup section */

/* Begin PBXHeadersBuildPhase section */
		548BFAAE262A0CA4002618F5 /* Headers */ = {
			isa = PBXHeadersBuildPhase;
			buildActionMask = 2147483647;
			files = (
				548BFAC4262A0CA4002618F5 /* Modular_Architecture_Feed.h in Headers */,
			);
			runOnlyForDeploymentPostprocessing = 0;
		};
/* End PBXHeadersBuildPhase section */

/* Begin PBXNativeTarget section */
		548BFAB2262A0CA4002618F5 /* Modular-Architecture-Feed */ = {
			isa = PBXNativeTarget;
			buildConfigurationList = 548BFAC7262A0CA4002618F5 /* Build configuration list for PBXNativeTarget "Modular-Architecture-Feed" */;
			buildPhases = (
				548BFAAE262A0CA4002618F5 /* Headers */,
				548BFAAF262A0CA4002618F5 /* Sources */,
				548BFAB0262A0CA4002618F5 /* Frameworks */,
				548BFAB1262A0CA4002618F5 /* Resources */,
			);
			buildRules = (
			);
			dependencies = (
			);
			name = "Modular-Architecture-Feed";
			productName = "Modular-Architecture-Feed";
			productReference = 548BFAB3262A0CA4002618F5 /* Modular_Architecture_Feed.framework */;
			productType = "com.apple.product-type.framework";
		};
		548BFABB262A0CA4002618F5 /* Modular-Architecture-FeedTests */ = {
			isa = PBXNativeTarget;
			buildConfigurationList = 548BFACA262A0CA4002618F5 /* Build configuration list for PBXNativeTarget "Modular-Architecture-FeedTests" */;
			buildPhases = (
				548BFAB8262A0CA4002618F5 /* Sources */,
				548BFAB9262A0CA4002618F5 /* Frameworks */,
				548BFABA262A0CA4002618F5 /* Resources */,
			);
			buildRules = (
			);
			dependencies = (
				548BFABF262A0CA4002618F5 /* PBXTargetDependency */,
			);
			name = "Modular-Architecture-FeedTests";
			productName = "Modular-Architecture-FeedTests";
			productReference = 548BFABC262A0CA4002618F5 /* Modular-Architecture-FeedTests.xctest */;
			productType = "com.apple.product-type.bundle.unit-test";
		};
/* End PBXNativeTarget section */

/* Begin PBXProject section */
		548BFAAA262A0CA4002618F5 /* Project object */ = {
			isa = PBXProject;
			attributes = {
				LastSwiftUpdateCheck = 1240;
				LastUpgradeCheck = 1240;
				TargetAttributes = {
					548BFAB2262A0CA4002618F5 = {
						CreatedOnToolsVersion = 12.4;
						LastSwiftMigration = 1240;
					};
					548BFABB262A0CA4002618F5 = {
						CreatedOnToolsVersion = 12.4;
					};
				};
			};
			buildConfigurationList = 548BFAAD262A0CA4002618F5 /* Build configuration list for PBXProject "Modular-Architecture-Feed" */;
			compatibilityVersion = "Xcode 9.3";
			developmentRegion = en;
			hasScannedForEncodings = 0;
			knownRegions = (
				en,
				Base,
			);
			mainGroup = 548BFAA9262A0CA4002618F5;
			productRefGroup = 548BFAB4262A0CA4002618F5 /* Products */;
			projectDirPath = "";
			projectRoot = "";
			targets = (
				548BFAB2262A0CA4002618F5 /* Modular-Architecture-Feed */,
				548BFABB262A0CA4002618F5 /* Modular-Architecture-FeedTests */,
			);
		};
/* End PBXProject section */

/* Begin PBXResourcesBuildPhase section */
		548BFAB1262A0CA4002618F5 /* Resources */ = {
			isa = PBXResourcesBuildPhase;
			buildActionMask = 2147483647;
			files = (
			);
			runOnlyForDeploymentPostprocessing = 0;
		};
		548BFABA262A0CA4002618F5 /* Resources */ = {
			isa = PBXResourcesBuildPhase;
			buildActionMask = 2147483647;
			files = (
			);
			runOnlyForDeploymentPostprocessing = 0;
		};
/* End PBXResourcesBuildPhase section */

/* Begin PBXSourcesBuildPhase section */
		548BFAAF262A0CA4002618F5 /* Sources */ = {
			isa = PBXSourcesBuildPhase;
			buildActionMask = 2147483647;
			files = (
				548BFADA262A0F67002618F5 /* FeedLoader.swift in Sources */,
				548BFAD6262A0EE1002618F5 /* FeedItem.swift in Sources */,
			);
			runOnlyForDeploymentPostprocessing = 0;
		};
		548BFAB8262A0CA4002618F5 /* Sources */ = {
			isa = PBXSourcesBuildPhase;
			buildActionMask = 2147483647;
			files = (
				548BFAC2262A0CA4002618F5 /* Modular_Architecture_FeedTests.swift in Sources */,
			);
			runOnlyForDeploymentPostprocessing = 0;
		};
/* End PBXSourcesBuildPhase section */

/* Begin PBXTargetDependency section */
		548BFABF262A0CA4002618F5 /* PBXTargetDependency */ = {
			isa = PBXTargetDependency;
			target = 548BFAB2262A0CA4002618F5 /* Modular-Architecture-Feed */;
			targetProxy = 548BFABE262A0CA4002618F5 /* PBXContainerItemProxy */;
		};
/* End PBXTargetDependency section */

/* Begin XCBuildConfiguration section */
		548BFAC5262A0CA4002618F5 /* Debug */ = {
			isa = XCBuildConfiguration;
			buildSettings = {
				ALWAYS_SEARCH_USER_PATHS = NO;
				CLANG_ANALYZER_NONNULL = YES;
				CLANG_ANALYZER_NUMBER_OBJECT_CONVERSION = YES_AGGRESSIVE;
				CLANG_CXX_LANGUAGE_STANDARD = "gnu++14";
				CLANG_CXX_LIBRARY = "libc++";
				CLANG_ENABLE_MODULES = YES;
				CLANG_ENABLE_OBJC_ARC = YES;
				CLANG_ENABLE_OBJC_WEAK = YES;
				CLANG_WARN_BLOCK_CAPTURE_AUTORELEASING = YES;
				CLANG_WARN_BOOL_CONVERSION = YES;
				CLANG_WARN_COMMA = YES;
				CLANG_WARN_CONSTANT_CONVERSION = YES;
				CLANG_WARN_DEPRECATED_OBJC_IMPLEMENTATIONS = YES;
				CLANG_WARN_DIRECT_OBJC_ISA_USAGE = YES_ERROR;
				CLANG_WARN_DOCUMENTATION_COMMENTS = YES;
				CLANG_WARN_EMPTY_BODY = YES;
				CLANG_WARN_ENUM_CONVERSION = YES;
				CLANG_WARN_INFINITE_RECURSION = YES;
				CLANG_WARN_INT_CONVERSION = YES;
				CLANG_WARN_NON_LITERAL_NULL_CONVERSION = YES;
				CLANG_WARN_OBJC_IMPLICIT_RETAIN_SELF = YES;
				CLANG_WARN_OBJC_LITERAL_CONVERSION = YES;
				CLANG_WARN_OBJC_ROOT_CLASS = YES_ERROR;
				CLANG_WARN_QUOTED_INCLUDE_IN_FRAMEWORK_HEADER = YES;
				CLANG_WARN_RANGE_LOOP_ANALYSIS = YES;
				CLANG_WARN_STRICT_PROTOTYPES = YES;
				CLANG_WARN_SUSPICIOUS_MOVE = YES;
				CLANG_WARN_UNGUARDED_AVAILABILITY = YES_AGGRESSIVE;
				CLANG_WARN_UNREACHABLE_CODE = YES;
				CLANG_WARN__DUPLICATE_METHOD_MATCH = YES;
				COPY_PHASE_STRIP = NO;
				CURRENT_PROJECT_VERSION = 1;
				DEBUG_INFORMATION_FORMAT = dwarf;
				ENABLE_STRICT_OBJC_MSGSEND = YES;
				ENABLE_TESTABILITY = YES;
				GCC_C_LANGUAGE_STANDARD = gnu11;
				GCC_DYNAMIC_NO_PIC = NO;
				GCC_NO_COMMON_BLOCKS = YES;
				GCC_OPTIMIZATION_LEVEL = 0;
				GCC_PREPROCESSOR_DEFINITIONS = (
					"DEBUG=1",
					"$(inherited)",
				);
				GCC_WARN_64_TO_32_BIT_CONVERSION = YES;
				GCC_WARN_ABOUT_RETURN_TYPE = YES_ERROR;
				GCC_WARN_UNDECLARED_SELECTOR = YES;
				GCC_WARN_UNINITIALIZED_AUTOS = YES_AGGRESSIVE;
				GCC_WARN_UNUSED_FUNCTION = YES;
				GCC_WARN_UNUSED_VARIABLE = YES;
				MACOSX_DEPLOYMENT_TARGET = 11.1;
				MTL_ENABLE_DEBUG_INFO = INCLUDE_SOURCE;
				MTL_FAST_MATH = YES;
				ONLY_ACTIVE_ARCH = YES;
				SDKROOT = macosx;
				SWIFT_ACTIVE_COMPILATION_CONDITIONS = DEBUG;
				SWIFT_OPTIMIZATION_LEVEL = "-Onone";
				VERSIONING_SYSTEM = "apple-generic";
				VERSION_INFO_PREFIX = "";
			};
			name = Debug;
		};
		548BFAC6262A0CA4002618F5 /* Release */ = {
			isa = XCBuildConfiguration;
			buildSettings = {
				ALWAYS_SEARCH_USER_PATHS = NO;
				CLANG_ANALYZER_NONNULL = YES;
				CLANG_ANALYZER_NUMBER_OBJECT_CONVERSION = YES_AGGRESSIVE;
				CLANG_CXX_LANGUAGE_STANDARD = "gnu++14";
				CLANG_CXX_LIBRARY = "libc++";
				CLANG_ENABLE_MODULES = YES;
				CLANG_ENABLE_OBJC_ARC = YES;
				CLANG_ENABLE_OBJC_WEAK = YES;
				CLANG_WARN_BLOCK_CAPTURE_AUTORELEASING = YES;
				CLANG_WARN_BOOL_CONVERSION = YES;
				CLANG_WARN_COMMA = YES;
				CLANG_WARN_CONSTANT_CONVERSION = YES;
				CLANG_WARN_DEPRECATED_OBJC_IMPLEMENTATIONS = YES;
				CLANG_WARN_DIRECT_OBJC_ISA_USAGE = YES_ERROR;
				CLANG_WARN_DOCUMENTATION_COMMENTS = YES;
				CLANG_WARN_EMPTY_BODY = YES;
				CLANG_WARN_ENUM_CONVERSION = YES;
				CLANG_WARN_INFINITE_RECURSION = YES;
				CLANG_WARN_INT_CONVERSION = YES;
				CLANG_WARN_NON_LITERAL_NULL_CONVERSION = YES;
				CLANG_WARN_OBJC_IMPLICIT_RETAIN_SELF = YES;
				CLANG_WARN_OBJC_LITERAL_CONVERSION = YES;
				CLANG_WARN_OBJC_ROOT_CLASS = YES_ERROR;
				CLANG_WARN_QUOTED_INCLUDE_IN_FRAMEWORK_HEADER = YES;
				CLANG_WARN_RANGE_LOOP_ANALYSIS = YES;
				CLANG_WARN_STRICT_PROTOTYPES = YES;
				CLANG_WARN_SUSPICIOUS_MOVE = YES;
				CLANG_WARN_UNGUARDED_AVAILABILITY = YES_AGGRESSIVE;
				CLANG_WARN_UNREACHABLE_CODE = YES;
				CLANG_WARN__DUPLICATE_METHOD_MATCH = YES;
				COPY_PHASE_STRIP = NO;
				CURRENT_PROJECT_VERSION = 1;
				DEBUG_INFORMATION_FORMAT = "dwarf-with-dsym";
				ENABLE_NS_ASSERTIONS = NO;
				ENABLE_STRICT_OBJC_MSGSEND = YES;
				GCC_C_LANGUAGE_STANDARD = gnu11;
				GCC_NO_COMMON_BLOCKS = YES;
				GCC_WARN_64_TO_32_BIT_CONVERSION = YES;
				GCC_WARN_ABOUT_RETURN_TYPE = YES_ERROR;
				GCC_WARN_UNDECLARED_SELECTOR = YES;
				GCC_WARN_UNINITIALIZED_AUTOS = YES_AGGRESSIVE;
				GCC_WARN_UNUSED_FUNCTION = YES;
				GCC_WARN_UNUSED_VARIABLE = YES;
				MACOSX_DEPLOYMENT_TARGET = 11.1;
				MTL_ENABLE_DEBUG_INFO = NO;
				MTL_FAST_MATH = YES;
				SDKROOT = macosx;
				SWIFT_COMPILATION_MODE = wholemodule;
				SWIFT_OPTIMIZATION_LEVEL = "-O";
				VERSIONING_SYSTEM = "apple-generic";
				VERSION_INFO_PREFIX = "";
			};
			name = Release;
		};
		548BFAC8262A0CA4002618F5 /* Debug */ = {
			isa = XCBuildConfiguration;
			buildSettings = {
				CLANG_ENABLE_MODULES = YES;
				CODE_SIGN_STYLE = Automatic;
				COMBINE_HIDPI_IMAGES = YES;
				DEFINES_MODULE = YES;
				DEVELOPMENT_TEAM = K66S9K53N5;
				DYLIB_COMPATIBILITY_VERSION = 1;
				DYLIB_CURRENT_VERSION = 1;
				DYLIB_INSTALL_NAME_BASE = "@rpath";
				INFOPLIST_FILE = "Modular-Architecture-Feed/Info.plist";
				INSTALL_PATH = "$(LOCAL_LIBRARY_DIR)/Frameworks";
				LD_RUNPATH_SEARCH_PATHS = (
					"$(inherited)",
					"@executable_path/../Frameworks",
					"@loader_path/Frameworks",
				);
				PRODUCT_BUNDLE_IDENTIFIER = "llc.retro.Modular-Architecture-Feed";
				PRODUCT_NAME = "$(TARGET_NAME:c99extidentifier)";
				SKIP_INSTALL = YES;
				SWIFT_OPTIMIZATION_LEVEL = "-Onone";
				SWIFT_VERSION = 5.0;
			};
			name = Debug;
		};
		548BFAC9262A0CA4002618F5 /* Release */ = {
			isa = XCBuildConfiguration;
			buildSettings = {
				CLANG_ENABLE_MODULES = YES;
				CODE_SIGN_STYLE = Automatic;
				COMBINE_HIDPI_IMAGES = YES;
				DEFINES_MODULE = YES;
				DEVELOPMENT_TEAM = K66S9K53N5;
				DYLIB_COMPATIBILITY_VERSION = 1;
				DYLIB_CURRENT_VERSION = 1;
				DYLIB_INSTALL_NAME_BASE = "@rpath";
				INFOPLIST_FILE = "Modular-Architecture-Feed/Info.plist";
				INSTALL_PATH = "$(LOCAL_LIBRARY_DIR)/Frameworks";
				LD_RUNPATH_SEARCH_PATHS = (
					"$(inherited)",
					"@executable_path/../Frameworks",
					"@loader_path/Frameworks",
				);
				PRODUCT_BUNDLE_IDENTIFIER = "llc.retro.Modular-Architecture-Feed";
				PRODUCT_NAME = "$(TARGET_NAME:c99extidentifier)";
				SKIP_INSTALL = YES;
				SWIFT_VERSION = 5.0;
			};
			name = Release;
		};
		548BFACB262A0CA4002618F5 /* Debug */ = {
			isa = XCBuildConfiguration;
			buildSettings = {
				ALWAYS_EMBED_SWIFT_STANDARD_LIBRARIES = YES;
				CODE_SIGN_STYLE = Automatic;
				COMBINE_HIDPI_IMAGES = YES;
				DEVELOPMENT_TEAM = K66S9K53N5;
				INFOPLIST_FILE = "Modular-Architecture-FeedTests/Info.plist";
				LD_RUNPATH_SEARCH_PATHS = (
					"$(inherited)",
					"@executable_path/../Frameworks",
					"@loader_path/../Frameworks",
				);
				PRODUCT_BUNDLE_IDENTIFIER = "llc.retro.Modular-Architecture-FeedTests";
				PRODUCT_NAME = "$(TARGET_NAME)";
				SWIFT_VERSION = 5.0;
			};
			name = Debug;
		};
		548BFACC262A0CA4002618F5 /* Release */ = {
			isa = XCBuildConfiguration;
			buildSettings = {
				ALWAYS_EMBED_SWIFT_STANDARD_LIBRARIES = YES;
				CODE_SIGN_STYLE = Automatic;
				COMBINE_HIDPI_IMAGES = YES;
				DEVELOPMENT_TEAM = K66S9K53N5;
				INFOPLIST_FILE = "Modular-Architecture-FeedTests/Info.plist";
				LD_RUNPATH_SEARCH_PATHS = (
					"$(inherited)",
					"@executable_path/../Frameworks",
					"@loader_path/../Frameworks",
				);
				PRODUCT_BUNDLE_IDENTIFIER = "llc.retro.Modular-Architecture-FeedTests";
				PRODUCT_NAME = "$(TARGET_NAME)";
				SWIFT_VERSION = 5.0;
			};
			name = Release;
		};
/* End XCBuildConfiguration section */

/* Begin XCConfigurationList section */
		548BFAAD262A0CA4002618F5 /* Build configuration list for PBXProject "Modular-Architecture-Feed" */ = {
			isa = XCConfigurationList;
			buildConfigurations = (
				548BFAC5262A0CA4002618F5 /* Debug */,
				548BFAC6262A0CA4002618F5 /* Release */,
			);
			defaultConfigurationIsVisible = 0;
			defaultConfigurationName = Release;
		};
		548BFAC7262A0CA4002618F5 /* Build configuration list for PBXNativeTarget "Modular-Architecture-Feed" */ = {
			isa = XCConfigurationList;
			buildConfigurations = (
				548BFAC8262A0CA4002618F5 /* Debug */,
				548BFAC9262A0CA4002618F5 /* Release */,
			);
			defaultConfigurationIsVisible = 0;
			defaultConfigurationName = Release;
		};
		548BFACA262A0CA4002618F5 /* Build configuration list for PBXNativeTarget "Modular-Architecture-FeedTests" */ = {
			isa = XCConfigurationList;
			buildConfigurations = (
				548BFACB262A0CA4002618F5 /* Debug */,
				548BFACC262A0CA4002618F5 /* Release */,
			);
			defaultConfigurationIsVisible = 0;
			defaultConfigurationName = Release;
		};
/* End XCConfigurationList section */
	};
	rootObject = 548BFAAA262A0CA4002618F5 /* Project object */;
}
